
Microsoft Visual Studio Solution File, Format Version 12.00
# Visual Studio 15
VisualStudioVersion = 15.0.27130.2024
MinimumVisualStudioVersion = 10.0.40219.1
Project("{888888A0-9F3D-457C-B088-3A5042F75D52}") = "Percentiles", "Percentiles\Percentiles.pyproj", "{96F8BFAD-180F-4B27-9011-311532729FBA}"
EndProject
Global
	GlobalSection(SolutionConfigurationPlatforms) = preSolution
		Debug|Any CPU = Debug|Any CPU
		Release|Any CPU = Release|Any CPU
	EndGlobalSection
	GlobalSection(ProjectConfigurationPlatforms) = postSolution
		{96F8BFAD-180F-4B27-9011-311532729FBA}.Debug|Any CPU.ActiveCfg = Debug|Any CPU
		{96F8BFAD-180F-4B27-9011-311532729FBA}.Release|Any CPU.ActiveCfg = Release|Any CPU
	EndGlobalSection
	GlobalSection(SolutionProperties) = preSolution
		HideSolutionNode = FALSE
	EndGlobalSection
	GlobalSection(ExtensibilityGlobals) = postSolution
		SolutionGuid = {3782105E-89FE-457D-8836-35110FE62B7D}
	EndGlobalSection
EndGlobal
